// !$*UTF8*$!
{
	archiveVersion = 1;
	classes = {
	};
	objectVersion = 50;
	objects = {

/* Begin PBXBuildFile section */
		4CEE89A32509778C009F3927 /* AppDelegate.swift in Sources */ = {isa = PBXBuildFile; fileRef = 4CEE89A22509778C009F3927 /* AppDelegate.swift */; };
		4CEE89A52509778C009F3927 /* SceneDelegate.swift in Sources */ = {isa = PBXBuildFile; fileRef = 4CEE89A42509778C009F3927 /* SceneDelegate.swift */; };
		4CEE89A72509778C009F3927 /* ContentView.swift in Sources */ = {isa = PBXBuildFile; fileRef = 4CEE89A62509778C009F3927 /* ContentView.swift */; };
		4CEE89A925097792009F3927 /* Assets.xcassets in Resources */ = {isa = PBXBuildFile; fileRef = 4CEE89A825097792009F3927 /* Assets.xcassets */; };
		4CEE89AC25097792009F3927 /* Preview Assets.xcassets in Resources */ = {isa = PBXBuildFile; fileRef = 4CEE89AB25097792009F3927 /* Preview Assets.xcassets */; };
		4CEE89AF25097792009F3927 /* LaunchScreen.storyboard in Resources */ = {isa = PBXBuildFile; fileRef = 4CEE89AD25097792009F3927 /* LaunchScreen.storyboard */; };
		4CEE89BA250977C5009F3927 /* WeatherVM.swift in Sources */ = {isa = PBXBuildFile; fileRef = 4CEE89B9250977C5009F3927 /* WeatherVM.swift */; };
		4CEE89BC250977D2009F3927 /* WeatherHandler.swift in Sources */ = {isa = PBXBuildFile; fileRef = 4CEE89BB250977D2009F3927 /* WeatherHandler.swift */; };
		4CEE89BE250977DC009F3927 /* WeatherModel.swift in Sources */ = {isa = PBXBuildFile; fileRef = 4CEE89BD250977DC009F3927 /* WeatherModel.swift */; };
		4CEE89C0250977E6009F3927 /* WeatherData.swift in Sources */ = {isa = PBXBuildFile; fileRef = 4CEE89BF250977E6009F3927 /* WeatherData.swift */; };
		4CEE89C22509789D009F3927 /* LocationDataManager.swift in Sources */ = {isa = PBXBuildFile; fileRef = 4CEE89C12509789D009F3927 /* LocationDataManager.swift */; };
/* End PBXBuildFile section */

/* Begin PBXFileReference section */
		4CEE899F2509778C009F3927 /* SwiftUIWeatherApp.app */ = {isa = PBXFileReference; explicitFileType = wrapper.application; includeInIndex = 0; path = SwiftUIWeatherApp.app; sourceTree = BUILT_PRODUCTS_DIR; };
		4CEE89A22509778C009F3927 /* AppDelegate.swift */ = {isa = PBXFileReference; lastKnownFileType = sourcecode.swift; path = AppDelegate.swift; sourceTree = "<group>"; };
		4CEE89A42509778C009F3927 /* SceneDelegate.swift */ = {isa = PBXFileReference; lastKnownFileType = sourcecode.swift; path = SceneDelegate.swift; sourceTree = "<group>"; };
		4CEE89A62509778C009F3927 /* ContentView.swift */ = {isa = PBXFileReference; lastKnownFileType = sourcecode.swift; path = ContentView.swift; sourceTree = "<group>"; };
		4CEE89A825097792009F3927 /* Assets.xcassets */ = {isa = PBXFileReference; lastKnownFileType = folder.assetcatalog; path = Assets.xcassets; sourceTree = "<group>"; };
		4CEE89AB25097792009F3927 /* Preview Assets.xcassets */ = {isa = PBXFileReference; lastKnownFileType = folder.assetcatalog; path = "Preview Assets.xcassets"; sourceTree = "<group>"; };
		4CEE89AE25097792009F3927 /* Base */ = {isa = PBXFileReference; lastKnownFileType = file.storyboard; name = Base; path = Base.lproj/LaunchScreen.storyboard; sourceTree = "<group>"; };
		4CEE89B025097792009F3927 /* Info.plist */ = {isa = PBXFileReference; lastKnownFileType = text.plist.xml; path = Info.plist; sourceTree = "<group>"; };
		4CEE89B9250977C5009F3927 /* WeatherVM.swift */ = {isa = PBXFileReference; lastKnownFileType = sourcecode.swift; path = WeatherVM.swift; sourceTree = "<group>"; };
		4CEE89BB250977D2009F3927 /* WeatherHandler.swift */ = {isa = PBXFileReference; lastKnownFileType = sourcecode.swift; path = WeatherHandler.swift; sourceTree = "<group>"; };
		4CEE89BD250977DC009F3927 /* WeatherModel.swift */ = {isa = PBXFileReference; lastKnownFileType = sourcecode.swift; path = WeatherModel.swift; sourceTree = "<group>"; };
		4CEE89BF250977E6009F3927 /* WeatherData.swift */ = {isa = PBXFileReference; lastKnownFileType = sourcecode.swift; path = WeatherData.swift; sourceTree = "<group>"; };
		4CEE89C12509789D009F3927 /* LocationDataManager.swift */ = {isa = PBXFileReference; lastKnownFileType = sourcecode.swift; path = LocationDataManager.swift; sourceTree = "<group>"; };
/* End PBXFileReference section */

/* Begin PBXFrameworksBuildPhase section */
		4CEE899C2509778C009F3927 /* Frameworks */ = {
			isa = PBXFrameworksBuildPhase;
			buildActionMask = 2147483647;
			files = (
			);
			runOnlyForDeploymentPostprocessing = 0;
		};
/* End PBXFrameworksBuildPhase section */

/* Begin PBXGroup section */
		4CEE89962509778C009F3927 = {
			isa = PBXGroup;
			children = (
				4CEE89A12509778C009F3927 /* SwiftUIWeatherApp */,
				4CEE89A02509778C009F3927 /* Products */,
			);
			sourceTree = "<group>";
		};
		4CEE89A02509778C009F3927 /* Products */ = {
			isa = PBXGroup;
			children = (
				4CEE899F2509778C009F3927 /* SwiftUIWeatherApp.app */,
			);
			name = Products;
			sourceTree = "<group>";
		};
		4CEE89A12509778C009F3927 /* SwiftUIWeatherApp */ = {
			isa = PBXGroup;
			children = (
				4CEE89A22509778C009F3927 /* AppDelegate.swift */,
				4CEE89A42509778C009F3927 /* SceneDelegate.swift */,
				4CEE89B8250977AB009F3927 /* View */,
				4CEE89B7250977A6009F3927 /* ViewModel */,
				4CEE89B62509779D009F3927 /* Model */,
				4CEE89A825097792009F3927 /* Assets.xcassets */,
				4CEE89AD25097792009F3927 /* LaunchScreen.storyboard */,
				4CEE89B025097792009F3927 /* Info.plist */,
				4CEE89AA25097792009F3927 /* Preview Content */,
			);
			path = SwiftUIWeatherApp;
			sourceTree = "<group>";
		};
		4CEE89AA25097792009F3927 /* Preview Content */ = {
			isa = PBXGroup;
			children = (
				4CEE89AB25097792009F3927 /* Preview Assets.xcassets */,
			);
			path = "Preview Content";
			sourceTree = "<group>";
		};
		4CEE89B62509779D009F3927 /* Model */ = {
			isa = PBXGroup;
			children = (
				4CEE89BB250977D2009F3927 /* WeatherHandler.swift */,
				4CEE89BD250977DC009F3927 /* WeatherModel.swift */,
				4CEE89BF250977E6009F3927 /* WeatherData.swift */,
				4CEE89C12509789D009F3927 /* LocationDataManager.swift */,
			);
			path = Model;
			sourceTree = "<group>";
		};
		4CEE89B7250977A6009F3927 /* ViewModel */ = {
			isa = PBXGroup;
			children = (
				4CEE89B9250977C5009F3927 /* WeatherVM.swift */,
			);
			path = ViewModel;
			sourceTree = "<group>";
		};
		4CEE89B8250977AB009F3927 /* View */ = {
			isa = PBXGroup;
			children = (
				4CEE89A62509778C009F3927 /* ContentView.swift */,
			);
			path = View;
			sourceTree = "<group>";
		};
/* End PBXGroup section */

/* Begin PBXNativeTarget section */
		4CEE899E2509778C009F3927 /* SwiftUIWeatherApp */ = {
			isa = PBXNativeTarget;
			buildConfigurationList = 4CEE89B325097792009F3927 /* Build configuration list for PBXNativeTarget "SwiftUIWeatherApp" */;
			buildPhases = (
				4CEE899B2509778C009F3927 /* Sources */,
				4CEE899C2509778C009F3927 /* Frameworks */,
				4CEE899D2509778C009F3927 /* Resources */,
			);
			buildRules = (
			);
			dependencies = (
			);
			name = SwiftUIWeatherApp;
			productName = SwiftUIWeatherApp;
			productReference = 4CEE899F2509778C009F3927 /* SwiftUIWeatherApp.app */;
			productType = "com.apple.product-type.application";
		};
/* End PBXNativeTarget section */

/* Begin PBXProject section */
		4CEE89972509778C009F3927 /* Project object */ = {
			isa = PBXProject;
			attributes = {
				LastSwiftUpdateCheck = 1170;
				LastUpgradeCheck = 1170;
				ORGANIZATIONNAME = "Zac Soldaat";
				TargetAttributes = {
					4CEE899E2509778C009F3927 = {
						CreatedOnToolsVersion = 11.7;
					};
				};
			};
			buildConfigurationList = 4CEE899A2509778C009F3927 /* Build configuration list for PBXProject "SwiftUIWeatherApp" */;
			compatibilityVersion = "Xcode 9.3";
			developmentRegion = en;
			hasScannedForEncodings = 0;
			knownRegions = (
				en,
				Base,
			);
			mainGroup = 4CEE89962509778C009F3927;
			productRefGroup = 4CEE89A02509778C009F3927 /* Products */;
			projectDirPath = "";
			projectRoot = "";
			targets = (
				4CEE899E2509778C009F3927 /* SwiftUIWeatherApp */,
			);
		};
/* End PBXProject section */

/* Begin PBXResourcesBuildPhase section */
		4CEE899D2509778C009F3927 /* Resources */ = {
			isa = PBXResourcesBuildPhase;
			buildActionMask = 2147483647;
			files = (
				4CEE89AF25097792009F3927 /* LaunchScreen.storyboard in Resources */,
				4CEE89AC25097792009F3927 /* Preview Assets.xcassets in Resources */,
				4CEE89A925097792009F3927 /* Assets.xcassets in Resources */,
			);
			runOnlyForDeploymentPostprocessing = 0;
		};
/* End PBXResourcesBuildPhase section */

/* Begin PBXSourcesBuildPhase section */
		4CEE899B2509778C009F3927 /* Sources */ = {
			isa = PBXSourcesBuildPhase;
			buildActionMask = 2147483647;
			files = (
				4CEE89A32509778C009F3927 /* AppDelegate.swift in Sources */,
				4CEE89BA250977C5009F3927 /* WeatherVM.swift in Sources */,
				4CEE89C22509789D009F3927 /* LocationDataManager.swift in Sources */,
				4CEE89C0250977E6009F3927 /* WeatherData.swift in Sources */,
				4CEE89BC250977D2009F3927 /* WeatherHandler.swift in Sources */,
				4CEE89A52509778C009F3927 /* SceneDelegate.swift in Sources */,
				4CEE89BE250977DC009F3927 /* WeatherModel.swift in Sources */,
				4CEE89A72509778C009F3927 /* ContentView.swift in Sources */,
			);
			runOnlyForDeploymentPostprocessing = 0;
		};
/* End PBXSourcesBuildPhase section */

/* Begin PBXVariantGroup section */
		4CEE89AD25097792009F3927 /* LaunchScreen.storyboard */ = {
			isa = PBXVariantGroup;
			children = (
				4CEE89AE25097792009F3927 /* Base */,
			);
			name = LaunchScreen.storyboard;
			sourceTree = "<group>";
		};
/* End PBXVariantGroup section */

/* Begin XCBuildConfiguration section */
		4CEE89B125097792009F3927 /* Debug */ = {
			isa = XCBuildConfiguration;
			buildSettings = {
				ALWAYS_SEARCH_USER_PATHS = NO;
				CLANG_ANALYZER_NONNULL = YES;
				CLANG_ANALYZER_NUMBER_OBJECT_CONVERSION = YES_AGGRESSIVE;
				CLANG_CXX_LANGUAGE_STANDARD = "gnu++14";
				CLANG_CXX_LIBRARY = "libc++";
				CLANG_ENABLE_MODULES = YES;
				CLANG_ENABLE_OBJC_ARC = YES;
				CLANG_ENABLE_OBJC_WEAK = YES;
				CLANG_WARN_BLOCK_CAPTURE_AUTORELEASING = YES;
				CLANG_WARN_BOOL_CONVERSION = YES;
				CLANG_WARN_COMMA = YES;
				CLANG_WARN_CONSTANT_CONVERSION = YES;
				CLANG_WARN_DEPRECATED_OBJC_IMPLEMENTATIONS = YES;
				CLANG_WARN_DIRECT_OBJC_ISA_USAGE = YES_ERROR;
				CLANG_WARN_DOCUMENTATION_COMMENTS = YES;
				CLANG_WARN_EMPTY_BODY = YES;
				CLANG_WARN_ENUM_CONVERSION = YES;
				CLANG_WARN_INFINITE_RECURSION = YES;
				CLANG_WARN_INT_CONVERSION = YES;
				CLANG_WARN_NON_LITERAL_NULL_CONVERSION = YES;
				CLANG_WARN_OBJC_IMPLICIT_RETAIN_SELF = YES;
				CLANG_WARN_OBJC_LITERAL_CONVERSION = YES;
				CLANG_WARN_OBJC_ROOT_CLASS = YES_ERROR;
				CLANG_WARN_RANGE_LOOP_ANALYSIS = YES;
				CLANG_WARN_STRICT_PROTOTYPES = YES;
				CLANG_WARN_SUSPICIOUS_MOVE = YES;
				CLANG_WARN_UNGUARDED_AVAILABILITY = YES_AGGRESSIVE;
				CLANG_WARN_UNREACHABLE_CODE = YES;
				CLANG_WARN__DUPLICATE_METHOD_MATCH = YES;
				COPY_PHASE_STRIP = NO;
				DEBUG_INFORMATION_FORMAT = dwarf;
				ENABLE_STRICT_OBJC_MSGSEND = YES;
				ENABLE_TESTABILITY = YES;
				GCC_C_LANGUAGE_STANDARD = gnu11;
				GCC_DYNAMIC_NO_PIC = NO;
				GCC_NO_COMMON_BLOCKS = YES;
				GCC_OPTIMIZATION_LEVEL = 0;
				GCC_PREPROCESSOR_DEFINITIONS = (
					"DEBUG=1",
					"$(inherited)",
				);
				GCC_WARN_64_TO_32_BIT_CONVERSION = YES;
				GCC_WARN_ABOUT_RETURN_TYPE = YES_ERROR;
				GCC_WARN_UNDECLARED_SELECTOR = YES;
				GCC_WARN_UNINITIALIZED_AUTOS = YES_AGGRESSIVE;
				GCC_WARN_UNUSED_FUNCTION = YES;
				GCC_WARN_UNUSED_VARIABLE = YES;
				IPHONEOS_DEPLOYMENT_TARGET = 13.7;
				MTL_ENABLE_DEBUG_INFO = INCLUDE_SOURCE;
				MTL_FAST_MATH = YES;
				ONLY_ACTIVE_ARCH = YES;
				SDKROOT = iphoneos;
				SWIFT_ACTIVE_COMPILATION_CONDITIONS = DEBUG;
				SWIFT_OPTIMIZATION_LEVEL = "-Onone";
			};
			name = Debug;
		};
		4CEE89B225097792009F3927 /* Release */ = {
			isa = XCBuildConfiguration;
			buildSettings = {
				ALWAYS_SEARCH_USER_PATHS = NO;
				CLANG_ANALYZER_NONNULL = YES;
				CLANG_ANALYZER_NUMBER_OBJECT_CONVERSION = YES_AGGRESSIVE;
				CLANG_CXX_LANGUAGE_STANDARD = "gnu++14";
				CLANG_CXX_LIBRARY = "libc++";
				CLANG_ENABLE_MODULES = YES;
				CLANG_ENABLE_OBJC_ARC = YES;
				CLANG_ENABLE_OBJC_WEAK = YES;
				CLANG_WARN_BLOCK_CAPTURE_AUTORELEASING = YES;
				CLANG_WARN_BOOL_CONVERSION = YES;
				CLANG_WARN_COMMA = YES;
				CLANG_WARN_CONSTANT_CONVERSION = YES;
				CLANG_WARN_DEPRECATED_OBJC_IMPLEMENTATIONS = YES;
				CLANG_WARN_DIRECT_OBJC_ISA_USAGE = YES_ERROR;
				CLANG_WARN_DOCUMENTATION_COMMENTS = YES;
				CLANG_WARN_EMPTY_BODY = YES;
				CLANG_WARN_ENUM_CONVERSION = YES;
				CLANG_WARN_INFINITE_RECURSION = YES;
				CLANG_WARN_INT_CONVERSION = YES;
				CLANG_WARN_NON_LITERAL_NULL_CONVERSION = YES;
				CLANG_WARN_OBJC_IMPLICIT_RETAIN_SELF = YES;
				CLANG_WARN_OBJC_LITERAL_CONVERSION = YES;
				CLANG_WARN_OBJC_ROOT_CLASS = YES_ERROR;
				CLANG_WARN_RANGE_LOOP_ANALYSIS = YES;
				CLANG_WARN_STRICT_PROTOTYPES = YES;
				CLANG_WARN_SUSPICIOUS_MOVE = YES;
				CLANG_WARN_UNGUARDED_AVAILABILITY = YES_AGGRESSIVE;
				CLANG_WARN_UNREACHABLE_CODE = YES;
				CLANG_WARN__DUPLICATE_METHOD_MATCH = YES;
				COPY_PHASE_STRIP = NO;
				DEBUG_INFORMATION_FORMAT = "dwarf-with-dsym";
				ENABLE_NS_ASSERTIONS = NO;
				ENABLE_STRICT_OBJC_MSGSEND = YES;
				GCC_C_LANGUAGE_STANDARD = gnu11;
				GCC_NO_COMMON_BLOCKS = YES;
				GCC_WARN_64_TO_32_BIT_CONVERSION = YES;
				GCC_WARN_ABOUT_RETURN_TYPE = YES_ERROR;
				GCC_WARN_UNDECLARED_SELECTOR = YES;
				GCC_WARN_UNINITIALIZED_AUTOS = YES_AGGRESSIVE;
				GCC_WARN_UNUSED_FUNCTION = YES;
				GCC_WARN_UNUSED_VARIABLE = YES;
				IPHONEOS_DEPLOYMENT_TARGET = 13.7;
				MTL_ENABLE_DEBUG_INFO = NO;
				MTL_FAST_MATH = YES;
				SDKROOT = iphoneos;
				SWIFT_COMPILATION_MODE = wholemodule;
				SWIFT_OPTIMIZATION_LEVEL = "-O";
				VALIDATE_PRODUCT = YES;
			};
			name = Release;
		};
		4CEE89B425097792009F3927 /* Debug */ = {
			isa = XCBuildConfiguration;
			buildSettings = {
				ASSETCATALOG_COMPILER_APPICON_NAME = AppIcon;
				CODE_SIGN_STYLE = Automatic;
				DEVELOPMENT_ASSET_PATHS = "\"SwiftUIWeatherApp/Preview Content\"";
				DEVELOPMENT_TEAM = A7B3KML4QM;
				ENABLE_PREVIEWS = YES;
				INFOPLIST_FILE = SwiftUIWeatherApp/Info.plist;
				LD_RUNPATH_SEARCH_PATHS = (
					"$(inherited)",
					"@executable_path/Frameworks",
				);
				PRODUCT_BUNDLE_IDENTIFIER = com.zacsoldaat.SwiftUIWeatherApp;
				PRODUCT_NAME = "$(TARGET_NAME)";
				SWIFT_VERSION = 5.0;
				TARGETED_DEVICE_FAMILY = "1,2";
			};
			name = Debug;
		};
		4CEE89B525097792009F3927 /* Release */ = {
			isa = XCBuildConfiguration;
			buildSettings = {
				ASSETCATALOG_COMPILER_APPICON_NAME = AppIcon;
				CODE_SIGN_STYLE = Automatic;
				DEVELOPMENT_ASSET_PATHS = "\"SwiftUIWeatherApp/Preview Content\"";
				DEVELOPMENT_TEAM = A7B3KML4QM;
				ENABLE_PREVIEWS = YES;
				INFOPLIST_FILE = SwiftUIWeatherApp/Info.plist;
				LD_RUNPATH_SEARCH_PATHS = (
					"$(inherited)",
					"@executable_path/Frameworks",
				);
				PRODUCT_BUNDLE_IDENTIFIER = com.zacsoldaat.SwiftUIWeatherApp;
				PRODUCT_NAME = "$(TARGET_NAME)";
				SWIFT_VERSION = 5.0;
				TARGETED_DEVICE_FAMILY = "1,2";
			};
			name = Release;
		};
/* End XCBuildConfiguration section */

/* Begin XCConfigurationList section */
		4CEE899A2509778C009F3927 /* Build configuration list for PBXProject "SwiftUIWeatherApp" */ = {
			isa = XCConfigurationList;
			buildConfigurations = (
				4CEE89B125097792009F3927 /* Debug */,
				4CEE89B225097792009F3927 /* Release */,
			);
			defaultConfigurationIsVisible = 0;
			defaultConfigurationName = Release;
		};
		4CEE89B325097792009F3927 /* Build configuration list for PBXNativeTarget "SwiftUIWeatherApp" */ = {
			isa = XCConfigurationList;
			buildConfigurations = (
				4CEE89B425097792009F3927 /* Debug */,
				4CEE89B525097792009F3927 /* Release */,
			);
			defaultConfigurationIsVisible = 0;
			defaultConfigurationName = Release;
		};
/* End XCConfigurationList section */
	};
	rootObject = 4CEE89972509778C009F3927 /* Project object */;
}
